
Microsoft Visual Studio Solution File, Format Version 12.00
# Visual Studio Version 17
VisualStudioVersion = 17.10.35013.160
MinimumVisualStudioVersion = 10.0.40219.1
Project("{FAE04EC0-301F-11D3-BF4B-00C04F79EFBC}") = "ejercicio1", "supletorio\ejercicio1.csproj", "{2ADDBD54-A290-4DD7-A688-529BAEC94C07}"
EndProject
Project("{FAE04EC0-301F-11D3-BF4B-00C04F79EFBC}") = "ejercicio2", "ejercicio2\ejercicio2.csproj", "{23F46139-0965-4F52-9B17-545CA4882A4A}"
EndProject
Project("{FAE04EC0-301F-11D3-BF4B-00C04F79EFBC}") = "ejercicio3", "ejercicio3\ejercicio3.csproj", "{69D2B313-190C-40BC-A4E5-FB928E8AACF0}"
EndProject
Project("{FAE04EC0-301F-11D3-BF4B-00C04F79EFBC}") = "ejercicio de piedra, papel, tijera", "ejercicio de piedra, papel, tijera\ejercicio de piedra, papel, tijera.csproj", "{546EA107-CC29-46AF-9E0B-44AEC69583F5}"
EndProject
Project("{FAE04EC0-301F-11D3-BF4B-00C04F79EFBC}") = "ejerciciocuentabancaria", "ejerciciocuentabancaria\ejerciciocuentabancaria.csproj", "{2296F580-A47C-4479-BBEE-C442461F56A6}"
EndProject
Global
	GlobalSection(SolutionConfigurationPlatforms) = preSolution
		Debug|Any CPU = Debug|Any CPU
		Release|Any CPU = Release|Any CPU
	EndGlobalSection
	GlobalSection(ProjectConfigurationPlatforms) = postSolution
		{2ADDBD54-A290-4DD7-A688-529BAEC94C07}.Debug|Any CPU.ActiveCfg = Debug|Any CPU
		{2ADDBD54-A290-4DD7-A688-529BAEC94C07}.Debug|Any CPU.Build.0 = Debug|Any CPU
		{2ADDBD54-A290-4DD7-A688-529BAEC94C07}.Release|Any CPU.ActiveCfg = Release|Any CPU
		{2ADDBD54-A290-4DD7-A688-529BAEC94C07}.Release|Any CPU.Build.0 = Release|Any CPU
		{23F46139-0965-4F52-9B17-545CA4882A4A}.Debug|Any CPU.ActiveCfg = Debug|Any CPU
		{23F46139-0965-4F52-9B17-545CA4882A4A}.Debug|Any CPU.Build.0 = Debug|Any CPU
		{23F46139-0965-4F52-9B17-545CA4882A4A}.Release|Any CPU.ActiveCfg = Release|Any CPU
		{23F46139-0965-4F52-9B17-545CA4882A4A}.Release|Any CPU.Build.0 = Release|Any CPU
		{69D2B313-190C-40BC-A4E5-FB928E8AACF0}.Debug|Any CPU.ActiveCfg = Debug|Any CPU
		{69D2B313-190C-40BC-A4E5-FB928E8AACF0}.Debug|Any CPU.Build.0 = Debug|Any CPU
		{69D2B313-190C-40BC-A4E5-FB928E8AACF0}.Release|Any CPU.ActiveCfg = Release|Any CPU
		{69D2B313-190C-40BC-A4E5-FB928E8AACF0}.Release|Any CPU.Build.0 = Release|Any CPU
		{546EA107-CC29-46AF-9E0B-44AEC69583F5}.Debug|Any CPU.ActiveCfg = Debug|Any CPU
		{546EA107-CC29-46AF-9E0B-44AEC69583F5}.Debug|Any CPU.Build.0 = Debug|Any CPU
		{546EA107-CC29-46AF-9E0B-44AEC69583F5}.Release|Any CPU.ActiveCfg = Release|Any CPU
		{546EA107-CC29-46AF-9E0B-44AEC69583F5}.Release|Any CPU.Build.0 = Release|Any CPU
		{2296F580-A47C-4479-BBEE-C442461F56A6}.Debug|Any CPU.ActiveCfg = Debug|Any CPU
		{2296F580-A47C-4479-BBEE-C442461F56A6}.Debug|Any CPU.Build.0 = Debug|Any CPU
		{2296F580-A47C-4479-BBEE-C442461F56A6}.Release|Any CPU.ActiveCfg = Release|Any CPU
		{2296F580-A47C-4479-BBEE-C442461F56A6}.Release|Any CPU.Build.0 = Release|Any CPU
	EndGlobalSection
	GlobalSection(SolutionProperties) = preSolution
		HideSolutionNode = FALSE
	EndGlobalSection
	GlobalSection(ExtensibilityGlobals) = postSolution
		SolutionGuid = {A810BBD3-E987-42DA-86D7-AE353DEC9E46}
	EndGlobalSection
EndGlobal
